// !$*UTF8*$!
{
	archiveVersion = 1;
	classes = {
	};
	objectVersion = 55;
	objects = {

/* Begin PBXBuildFile section */
		2B389C99F172D88FBAFA2B1F /* Pods_RealmTutorial_RealmTutorialUITests.framework in Frameworks */ = {isa = PBXBuildFile; fileRef = 7026E80DDBD5D8758D259E99 /* Pods_RealmTutorial_RealmTutorialUITests.framework */; };
		44996A7FCB92986D5676F555 /* Pods_RealmTutorialTests.framework in Frameworks */ = {isa = PBXBuildFile; fileRef = 74A6DDDED3C9202BA9391029 /* Pods_RealmTutorialTests.framework */; };
		A533D78E287488DF001DE3F7 /* AppDelegate.swift in Sources */ = {isa = PBXBuildFile; fileRef = A533D78D287488DF001DE3F7 /* AppDelegate.swift */; };
		A533D790287488DF001DE3F7 /* SceneDelegate.swift in Sources */ = {isa = PBXBuildFile; fileRef = A533D78F287488DF001DE3F7 /* SceneDelegate.swift */; };
		A533D792287488DF001DE3F7 /* TableViewController.swift in Sources */ = {isa = PBXBuildFile; fileRef = A533D791287488DF001DE3F7 /* TableViewController.swift */; };
		A533D795287488DF001DE3F7 /* Main.storyboard in Resources */ = {isa = PBXBuildFile; fileRef = A533D793287488DF001DE3F7 /* Main.storyboard */; };
		A533D797287488E1001DE3F7 /* Assets.xcassets in Resources */ = {isa = PBXBuildFile; fileRef = A533D796287488E1001DE3F7 /* Assets.xcassets */; };
		A533D79A287488E1001DE3F7 /* LaunchScreen.storyboard in Resources */ = {isa = PBXBuildFile; fileRef = A533D798287488E1001DE3F7 /* LaunchScreen.storyboard */; };
		A533D7A5287488E1001DE3F7 /* RealmTutorialTests.swift in Sources */ = {isa = PBXBuildFile; fileRef = A533D7A4287488E1001DE3F7 /* RealmTutorialTests.swift */; };
		A533D7AF287488E1001DE3F7 /* RealmTutorialUITests.swift in Sources */ = {isa = PBXBuildFile; fileRef = A533D7AE287488E1001DE3F7 /* RealmTutorialUITests.swift */; };
		A533D7B1287488E1001DE3F7 /* RealmTutorialUITestsLaunchTests.swift in Sources */ = {isa = PBXBuildFile; fileRef = A533D7B0287488E1001DE3F7 /* RealmTutorialUITestsLaunchTests.swift */; };
		C61C684C2C465E87B9CF068C /* Pods_RealmTutorial.framework in Frameworks */ = {isa = PBXBuildFile; fileRef = 0FA77BD215B23E2CFD12B5B5 /* Pods_RealmTutorial.framework */; };
/* End PBXBuildFile section */

/* Begin PBXContainerItemProxy section */
		A533D7A1287488E1001DE3F7 /* PBXContainerItemProxy */ = {
			isa = PBXContainerItemProxy;
			containerPortal = A533D782287488DF001DE3F7 /* Project object */;
			proxyType = 1;
			remoteGlobalIDString = A533D789287488DF001DE3F7;
			remoteInfo = RealmTutorial;
		};
		A533D7AB287488E1001DE3F7 /* PBXContainerItemProxy */ = {
			isa = PBXContainerItemProxy;
			containerPortal = A533D782287488DF001DE3F7 /* Project object */;
			proxyType = 1;
			remoteGlobalIDString = A533D789287488DF001DE3F7;
			remoteInfo = RealmTutorial;
		};
/* End PBXContainerItemProxy section */

/* Begin PBXFileReference section */
		0FA77BD215B23E2CFD12B5B5 /* Pods_RealmTutorial.framework */ = {isa = PBXFileReference; explicitFileType = wrapper.framework; includeInIndex = 0; path = Pods_RealmTutorial.framework; sourceTree = BUILT_PRODUCTS_DIR; };
		10BFDE987E9ACC0B98030C2A /* Pods-RealmTutorial-RealmTutorialUITests.release.xcconfig */ = {isa = PBXFileReference; includeInIndex = 1; lastKnownFileType = text.xcconfig; name = "Pods-RealmTutorial-RealmTutorialUITests.release.xcconfig"; path = "Target Support Files/Pods-RealmTutorial-RealmTutorialUITests/Pods-RealmTutorial-RealmTutorialUITests.release.xcconfig"; sourceTree = "<group>"; };
		203EEDC0A452DAA40EE58C40 /* Pods-RealmTutorial.debug.xcconfig */ = {isa = PBXFileReference; includeInIndex = 1; lastKnownFileType = text.xcconfig; name = "Pods-RealmTutorial.debug.xcconfig"; path = "Target Support Files/Pods-RealmTutorial/Pods-RealmTutorial.debug.xcconfig"; sourceTree = "<group>"; };
		2F7C2882D8D99CA9D5D8FCD2 /* Pods-RealmTutorial.release.xcconfig */ = {isa = PBXFileReference; includeInIndex = 1; lastKnownFileType = text.xcconfig; name = "Pods-RealmTutorial.release.xcconfig"; path = "Target Support Files/Pods-RealmTutorial/Pods-RealmTutorial.release.xcconfig"; sourceTree = "<group>"; };
		592EC1B3165EC53E13661E8F /* Pods-RealmTutorialTests.debug.xcconfig */ = {isa = PBXFileReference; includeInIndex = 1; lastKnownFileType = text.xcconfig; name = "Pods-RealmTutorialTests.debug.xcconfig"; path = "Target Support Files/Pods-RealmTutorialTests/Pods-RealmTutorialTests.debug.xcconfig"; sourceTree = "<group>"; };
		7026E80DDBD5D8758D259E99 /* Pods_RealmTutorial_RealmTutorialUITests.framework */ = {isa = PBXFileReference; explicitFileType = wrapper.framework; includeInIndex = 0; path = Pods_RealmTutorial_RealmTutorialUITests.framework; sourceTree = BUILT_PRODUCTS_DIR; };
		74A6DDDED3C9202BA9391029 /* Pods_RealmTutorialTests.framework */ = {isa = PBXFileReference; explicitFileType = wrapper.framework; includeInIndex = 0; path = Pods_RealmTutorialTests.framework; sourceTree = BUILT_PRODUCTS_DIR; };
		A273421DA07E47F71C36483A /* Pods-RealmTutorialTests.release.xcconfig */ = {isa = PBXFileReference; includeInIndex = 1; lastKnownFileType = text.xcconfig; name = "Pods-RealmTutorialTests.release.xcconfig"; path = "Target Support Files/Pods-RealmTutorialTests/Pods-RealmTutorialTests.release.xcconfig"; sourceTree = "<group>"; };
		A533D78A287488DF001DE3F7 /* RealmTutorial.app */ = {isa = PBXFileReference; explicitFileType = wrapper.application; includeInIndex = 0; path = RealmTutorial.app; sourceTree = BUILT_PRODUCTS_DIR; };
		A533D78D287488DF001DE3F7 /* AppDelegate.swift */ = {isa = PBXFileReference; lastKnownFileType = sourcecode.swift; path = AppDelegate.swift; sourceTree = "<group>"; };
		A533D78F287488DF001DE3F7 /* SceneDelegate.swift */ = {isa = PBXFileReference; lastKnownFileType = sourcecode.swift; path = SceneDelegate.swift; sourceTree = "<group>"; };
		A533D791287488DF001DE3F7 /* TableViewController.swift */ = {isa = PBXFileReference; lastKnownFileType = sourcecode.swift; path = TableViewController.swift; sourceTree = "<group>"; };
		A533D794287488DF001DE3F7 /* Base */ = {isa = PBXFileReference; lastKnownFileType = file.storyboard; name = Base; path = Base.lproj/Main.storyboard; sourceTree = "<group>"; };
		A533D796287488E1001DE3F7 /* Assets.xcassets */ = {isa = PBXFileReference; lastKnownFileType = folder.assetcatalog; path = Assets.xcassets; sourceTree = "<group>"; };
		A533D799287488E1001DE3F7 /* Base */ = {isa = PBXFileReference; lastKnownFileType = file.storyboard; name = Base; path = Base.lproj/LaunchScreen.storyboard; sourceTree = "<group>"; };
		A533D79B287488E1001DE3F7 /* Info.plist */ = {isa = PBXFileReference; lastKnownFileType = text.plist.xml; path = Info.plist; sourceTree = "<group>"; };
		A533D7A0287488E1001DE3F7 /* RealmTutorialTests.xctest */ = {isa = PBXFileReference; explicitFileType = wrapper.cfbundle; includeInIndex = 0; path = RealmTutorialTests.xctest; sourceTree = BUILT_PRODUCTS_DIR; };
		A533D7A4287488E1001DE3F7 /* RealmTutorialTests.swift */ = {isa = PBXFileReference; lastKnownFileType = sourcecode.swift; path = RealmTutorialTests.swift; sourceTree = "<group>"; };
		A533D7AA287488E1001DE3F7 /* RealmTutorialUITests.xctest */ = {isa = PBXFileReference; explicitFileType = wrapper.cfbundle; includeInIndex = 0; path = RealmTutorialUITests.xctest; sourceTree = BUILT_PRODUCTS_DIR; };
		A533D7AE287488E1001DE3F7 /* RealmTutorialUITests.swift */ = {isa = PBXFileReference; lastKnownFileType = sourcecode.swift; path = RealmTutorialUITests.swift; sourceTree = "<group>"; };
		A533D7B0287488E1001DE3F7 /* RealmTutorialUITestsLaunchTests.swift */ = {isa = PBXFileReference; lastKnownFileType = sourcecode.swift; path = RealmTutorialUITestsLaunchTests.swift; sourceTree = "<group>"; };
		D7560E6F2921B03412ABE450 /* Pods-RealmTutorial-RealmTutorialUITests.debug.xcconfig */ = {isa = PBXFileReference; includeInIndex = 1; lastKnownFileType = text.xcconfig; name = "Pods-RealmTutorial-RealmTutorialUITests.debug.xcconfig"; path = "Target Support Files/Pods-RealmTutorial-RealmTutorialUITests/Pods-RealmTutorial-RealmTutorialUITests.debug.xcconfig"; sourceTree = "<group>"; };
/* End PBXFileReference section */

/* Begin PBXFrameworksBuildPhase section */
		A533D787287488DF001DE3F7 /* Frameworks */ = {
			isa = PBXFrameworksBuildPhase;
			buildActionMask = 2147483647;
			files = (
				C61C684C2C465E87B9CF068C /* Pods_RealmTutorial.framework in Frameworks */,
			);
			runOnlyForDeploymentPostprocessing = 0;
		};
		A533D79D287488E1001DE3F7 /* Frameworks */ = {
			isa = PBXFrameworksBuildPhase;
			buildActionMask = 2147483647;
			files = (
				44996A7FCB92986D5676F555 /* Pods_RealmTutorialTests.framework in Frameworks */,
			);
			runOnlyForDeploymentPostprocessing = 0;
		};
		A533D7A7287488E1001DE3F7 /* Frameworks */ = {
			isa = PBXFrameworksBuildPhase;
			buildActionMask = 2147483647;
			files = (
				2B389C99F172D88FBAFA2B1F /* Pods_RealmTutorial_RealmTutorialUITests.framework in Frameworks */,
			);
			runOnlyForDeploymentPostprocessing = 0;
		};
/* End PBXFrameworksBuildPhase section */

/* Begin PBXGroup section */
		A533D781287488DF001DE3F7 = {
			isa = PBXGroup;
			children = (
				A533D78C287488DF001DE3F7 /* RealmTutorial */,
				A533D7A3287488E1001DE3F7 /* RealmTutorialTests */,
				A533D7AD287488E1001DE3F7 /* RealmTutorialUITests */,
				A533D78B287488DF001DE3F7 /* Products */,
				DF3F31BB46E6F7CE7A25F34A /* Pods */,
				D5A9C89278403E281C8DCA9D /* Frameworks */,
			);
			sourceTree = "<group>";
		};
		A533D78B287488DF001DE3F7 /* Products */ = {
			isa = PBXGroup;
			children = (
				A533D78A287488DF001DE3F7 /* RealmTutorial.app */,
				A533D7A0287488E1001DE3F7 /* RealmTutorialTests.xctest */,
				A533D7AA287488E1001DE3F7 /* RealmTutorialUITests.xctest */,
			);
			name = Products;
			sourceTree = "<group>";
		};
		A533D78C287488DF001DE3F7 /* RealmTutorial */ = {
			isa = PBXGroup;
			children = (
				A533D78D287488DF001DE3F7 /* AppDelegate.swift */,
				A533D78F287488DF001DE3F7 /* SceneDelegate.swift */,
				A533D791287488DF001DE3F7 /* TableViewController.swift */,
				A533D793287488DF001DE3F7 /* Main.storyboard */,
				A533D796287488E1001DE3F7 /* Assets.xcassets */,
				A533D798287488E1001DE3F7 /* LaunchScreen.storyboard */,
				A533D79B287488E1001DE3F7 /* Info.plist */,
			);
			path = RealmTutorial;
			sourceTree = "<group>";
		};
		A533D7A3287488E1001DE3F7 /* RealmTutorialTests */ = {
			isa = PBXGroup;
			children = (
				A533D7A4287488E1001DE3F7 /* RealmTutorialTests.swift */,
			);
			path = RealmTutorialTests;
			sourceTree = "<group>";
		};
		A533D7AD287488E1001DE3F7 /* RealmTutorialUITests */ = {
			isa = PBXGroup;
			children = (
				A533D7AE287488E1001DE3F7 /* RealmTutorialUITests.swift */,
				A533D7B0287488E1001DE3F7 /* RealmTutorialUITestsLaunchTests.swift */,
			);
			path = RealmTutorialUITests;
			sourceTree = "<group>";
		};
		D5A9C89278403E281C8DCA9D /* Frameworks */ = {
			isa = PBXGroup;
			children = (
				0FA77BD215B23E2CFD12B5B5 /* Pods_RealmTutorial.framework */,
				7026E80DDBD5D8758D259E99 /* Pods_RealmTutorial_RealmTutorialUITests.framework */,
				74A6DDDED3C9202BA9391029 /* Pods_RealmTutorialTests.framework */,
			);
			name = Frameworks;
			sourceTree = "<group>";
		};
		DF3F31BB46E6F7CE7A25F34A /* Pods */ = {
			isa = PBXGroup;
			children = (
				203EEDC0A452DAA40EE58C40 /* Pods-RealmTutorial.debug.xcconfig */,
				2F7C2882D8D99CA9D5D8FCD2 /* Pods-RealmTutorial.release.xcconfig */,
				D7560E6F2921B03412ABE450 /* Pods-RealmTutorial-RealmTutorialUITests.debug.xcconfig */,
				10BFDE987E9ACC0B98030C2A /* Pods-RealmTutorial-RealmTutorialUITests.release.xcconfig */,
				592EC1B3165EC53E13661E8F /* Pods-RealmTutorialTests.debug.xcconfig */,
				A273421DA07E47F71C36483A /* Pods-RealmTutorialTests.release.xcconfig */,
			);
			path = Pods;
			sourceTree = "<group>";
		};
/* End PBXGroup section */

/* Begin PBXNativeTarget section */
		A533D789287488DF001DE3F7 /* RealmTutorial */ = {
			isa = PBXNativeTarget;
			buildConfigurationList = A533D7B4287488E1001DE3F7 /* Build configuration list for PBXNativeTarget "RealmTutorial" */;
			buildPhases = (
				CB8DB4E541813813F5BAE12B /* [CP] Check Pods Manifest.lock */,
				A533D786287488DF001DE3F7 /* Sources */,
				A533D787287488DF001DE3F7 /* Frameworks */,
				A533D788287488DF001DE3F7 /* Resources */,
				427D59F75E3F33370678F6AD /* [CP] Embed Pods Frameworks */,
			);
			buildRules = (
			);
			dependencies = (
			);
			name = RealmTutorial;
			productName = RealmTutorial;
			productReference = A533D78A287488DF001DE3F7 /* RealmTutorial.app */;
			productType = "com.apple.product-type.application";
		};
		A533D79F287488E1001DE3F7 /* RealmTutorialTests */ = {
			isa = PBXNativeTarget;
			buildConfigurationList = A533D7B7287488E1001DE3F7 /* Build configuration list for PBXNativeTarget "RealmTutorialTests" */;
			buildPhases = (
				CEA289DEF78A554DD58BDAF8 /* [CP] Check Pods Manifest.lock */,
				A533D79C287488E1001DE3F7 /* Sources */,
				A533D79D287488E1001DE3F7 /* Frameworks */,
				A533D79E287488E1001DE3F7 /* Resources */,
			);
			buildRules = (
			);
			dependencies = (
				A533D7A2287488E1001DE3F7 /* PBXTargetDependency */,
			);
			name = RealmTutorialTests;
			productName = RealmTutorialTests;
			productReference = A533D7A0287488E1001DE3F7 /* RealmTutorialTests.xctest */;
			productType = "com.apple.product-type.bundle.unit-test";
		};
		A533D7A9287488E1001DE3F7 /* RealmTutorialUITests */ = {
			isa = PBXNativeTarget;
			buildConfigurationList = A533D7BA287488E1001DE3F7 /* Build configuration list for PBXNativeTarget "RealmTutorialUITests" */;
			buildPhases = (
				32D27FAC298061739D57BD63 /* [CP] Check Pods Manifest.lock */,
				A533D7A6287488E1001DE3F7 /* Sources */,
				A533D7A7287488E1001DE3F7 /* Frameworks */,
				A533D7A8287488E1001DE3F7 /* Resources */,
				1742079BABCD06BEB697BF4F /* [CP] Embed Pods Frameworks */,
			);
			buildRules = (
			);
			dependencies = (
				A533D7AC287488E1001DE3F7 /* PBXTargetDependency */,
			);
			name = RealmTutorialUITests;
			productName = RealmTutorialUITests;
			productReference = A533D7AA287488E1001DE3F7 /* RealmTutorialUITests.xctest */;
			productType = "com.apple.product-type.bundle.ui-testing";
		};
/* End PBXNativeTarget section */

/* Begin PBXProject section */
		A533D782287488DF001DE3F7 /* Project object */ = {
			isa = PBXProject;
			attributes = {
				BuildIndependentTargetsInParallel = 1;
				LastSwiftUpdateCheck = 1330;
				LastUpgradeCheck = 1330;
				TargetAttributes = {
					A533D789287488DF001DE3F7 = {
						CreatedOnToolsVersion = 13.3;
					};
					A533D79F287488E1001DE3F7 = {
						CreatedOnToolsVersion = 13.3;
						TestTargetID = A533D789287488DF001DE3F7;
					};
					A533D7A9287488E1001DE3F7 = {
						CreatedOnToolsVersion = 13.3;
						TestTargetID = A533D789287488DF001DE3F7;
					};
				};
			};
			buildConfigurationList = A533D785287488DF001DE3F7 /* Build configuration list for PBXProject "RealmTutorial" */;
			compatibilityVersion = "Xcode 13.0";
			developmentRegion = en;
			hasScannedForEncodings = 0;
			knownRegions = (
				en,
				Base,
			);
			mainGroup = A533D781287488DF001DE3F7;
			productRefGroup = A533D78B287488DF001DE3F7 /* Products */;
			projectDirPath = "";
			projectRoot = "";
			targets = (
				A533D789287488DF001DE3F7 /* RealmTutorial */,
				A533D79F287488E1001DE3F7 /* RealmTutorialTests */,
				A533D7A9287488E1001DE3F7 /* RealmTutorialUITests */,
			);
		};
/* End PBXProject section */

/* Begin PBXResourcesBuildPhase section */
		A533D788287488DF001DE3F7 /* Resources */ = {
			isa = PBXResourcesBuildPhase;
			buildActionMask = 2147483647;
			files = (
				A533D79A287488E1001DE3F7 /* LaunchScreen.storyboard in Resources */,
				A533D797287488E1001DE3F7 /* Assets.xcassets in Resources */,
				A533D795287488DF001DE3F7 /* Main.storyboard in Resources */,
			);
			runOnlyForDeploymentPostprocessing = 0;
		};
		A533D79E287488E1001DE3F7 /* Resources */ = {
			isa = PBXResourcesBuildPhase;
			buildActionMask = 2147483647;
			files = (
			);
			runOnlyForDeploymentPostprocessing = 0;
		};
		A533D7A8287488E1001DE3F7 /* Resources */ = {
			isa = PBXResourcesBuildPhase;
			buildActionMask = 2147483647;
			files = (
			);
			runOnlyForDeploymentPostprocessing = 0;
		};
/* End PBXResourcesBuildPhase section */

/* Begin PBXShellScriptBuildPhase section */
		1742079BABCD06BEB697BF4F /* [CP] Embed Pods Frameworks */ = {
			isa = PBXShellScriptBuildPhase;
			buildActionMask = 2147483647;
			files = (
			);
			inputFileListPaths = (
				"${PODS_ROOT}/Target Support Files/Pods-RealmTutorial-RealmTutorialUITests/Pods-RealmTutorial-RealmTutorialUITests-frameworks-${CONFIGURATION}-input-files.xcfilelist",
			);
			name = "[CP] Embed Pods Frameworks";
			outputFileListPaths = (
				"${PODS_ROOT}/Target Support Files/Pods-RealmTutorial-RealmTutorialUITests/Pods-RealmTutorial-RealmTutorialUITests-frameworks-${CONFIGURATION}-output-files.xcfilelist",
			);
			runOnlyForDeploymentPostprocessing = 0;
			shellPath = /bin/sh;
			shellScript = "\"${PODS_ROOT}/Target Support Files/Pods-RealmTutorial-RealmTutorialUITests/Pods-RealmTutorial-RealmTutorialUITests-frameworks.sh\"\n";
			showEnvVarsInLog = 0;
		};
		32D27FAC298061739D57BD63 /* [CP] Check Pods Manifest.lock */ = {
			isa = PBXShellScriptBuildPhase;
			buildActionMask = 2147483647;
			files = (
			);
			inputFileListPaths = (
			);
			inputPaths = (
				"${PODS_PODFILE_DIR_PATH}/Podfile.lock",
				"${PODS_ROOT}/Manifest.lock",
			);
			name = "[CP] Check Pods Manifest.lock";
			outputFileListPaths = (
			);
			outputPaths = (
				"$(DERIVED_FILE_DIR)/Pods-RealmTutorial-RealmTutorialUITests-checkManifestLockResult.txt",
			);
			runOnlyForDeploymentPostprocessing = 0;
			shellPath = /bin/sh;
			shellScript = "diff \"${PODS_PODFILE_DIR_PATH}/Podfile.lock\" \"${PODS_ROOT}/Manifest.lock\" > /dev/null\nif [ $? != 0 ] ; then\n    # print error to STDERR\n    echo \"error: The sandbox is not in sync with the Podfile.lock. Run 'pod install' or update your CocoaPods installation.\" >&2\n    exit 1\nfi\n# This output is used by Xcode 'outputs' to avoid re-running this script phase.\necho \"SUCCESS\" > \"${SCRIPT_OUTPUT_FILE_0}\"\n";
			showEnvVarsInLog = 0;
		};
		427D59F75E3F33370678F6AD /* [CP] Embed Pods Frameworks */ = {
			isa = PBXShellScriptBuildPhase;
			buildActionMask = 2147483647;
			files = (
			);
			inputFileListPaths = (
				"${PODS_ROOT}/Target Support Files/Pods-RealmTutorial/Pods-RealmTutorial-frameworks-${CONFIGURATION}-input-files.xcfilelist",
			);
			name = "[CP] Embed Pods Frameworks";
			outputFileListPaths = (
				"${PODS_ROOT}/Target Support Files/Pods-RealmTutorial/Pods-RealmTutorial-frameworks-${CONFIGURATION}-output-files.xcfilelist",
			);
			runOnlyForDeploymentPostprocessing = 0;
			shellPath = /bin/sh;
			shellScript = "\"${PODS_ROOT}/Target Support Files/Pods-RealmTutorial/Pods-RealmTutorial-frameworks.sh\"\n";
			showEnvVarsInLog = 0;
		};
		CB8DB4E541813813F5BAE12B /* [CP] Check Pods Manifest.lock */ = {
			isa = PBXShellScriptBuildPhase;
			buildActionMask = 2147483647;
			files = (
			);
			inputFileListPaths = (
			);
			inputPaths = (
				"${PODS_PODFILE_DIR_PATH}/Podfile.lock",
				"${PODS_ROOT}/Manifest.lock",
			);
			name = "[CP] Check Pods Manifest.lock";
			outputFileListPaths = (
			);
			outputPaths = (
				"$(DERIVED_FILE_DIR)/Pods-RealmTutorial-checkManifestLockResult.txt",
			);
			runOnlyForDeploymentPostprocessing = 0;
			shellPath = /bin/sh;
			shellScript = "diff \"${PODS_PODFILE_DIR_PATH}/Podfile.lock\" \"${PODS_ROOT}/Manifest.lock\" > /dev/null\nif [ $? != 0 ] ; then\n    # print error to STDERR\n    echo \"error: The sandbox is not in sync with the Podfile.lock. Run 'pod install' or update your CocoaPods installation.\" >&2\n    exit 1\nfi\n# This output is used by Xcode 'outputs' to avoid re-running this script phase.\necho \"SUCCESS\" > \"${SCRIPT_OUTPUT_FILE_0}\"\n";
			showEnvVarsInLog = 0;
		};
		CEA289DEF78A554DD58BDAF8 /* [CP] Check Pods Manifest.lock */ = {
			isa = PBXShellScriptBuildPhase;
			buildActionMask = 2147483647;
			files = (
			);
			inputFileListPaths = (
			);
			inputPaths = (
				"${PODS_PODFILE_DIR_PATH}/Podfile.lock",
				"${PODS_ROOT}/Manifest.lock",
			);
			name = "[CP] Check Pods Manifest.lock";
			outputFileListPaths = (
			);
			outputPaths = (
				"$(DERIVED_FILE_DIR)/Pods-RealmTutorialTests-checkManifestLockResult.txt",
			);
			runOnlyForDeploymentPostprocessing = 0;
			shellPath = /bin/sh;
			shellScript = "diff \"${PODS_PODFILE_DIR_PATH}/Podfile.lock\" \"${PODS_ROOT}/Manifest.lock\" > /dev/null\nif [ $? != 0 ] ; then\n    # print error to STDERR\n    echo \"error: The sandbox is not in sync with the Podfile.lock. Run 'pod install' or update your CocoaPods installation.\" >&2\n    exit 1\nfi\n# This output is used by Xcode 'outputs' to avoid re-running this script phase.\necho \"SUCCESS\" > \"${SCRIPT_OUTPUT_FILE_0}\"\n";
			showEnvVarsInLog = 0;
		};
/* End PBXShellScriptBuildPhase section */

/* Begin PBXSourcesBuildPhase section */
		A533D786287488DF001DE3F7 /* Sources */ = {
			isa = PBXSourcesBuildPhase;
			buildActionMask = 2147483647;
			files = (
				A533D792287488DF001DE3F7 /* TableViewController.swift in Sources */,
				A533D78E287488DF001DE3F7 /* AppDelegate.swift in Sources */,
				A533D790287488DF001DE3F7 /* SceneDelegate.swift in Sources */,
			);
			runOnlyForDeploymentPostprocessing = 0;
		};
		A533D79C287488E1001DE3F7 /* Sources */ = {
			isa = PBXSourcesBuildPhase;
			buildActionMask = 2147483647;
			files = (
				A533D7A5287488E1001DE3F7 /* RealmTutorialTests.swift in Sources */,
			);
			runOnlyForDeploymentPostprocessing = 0;
		};
		A533D7A6287488E1001DE3F7 /* Sources */ = {
			isa = PBXSourcesBuildPhase;
			buildActionMask = 2147483647;
			files = (
				A533D7B1287488E1001DE3F7 /* RealmTutorialUITestsLaunchTests.swift in Sources */,
				A533D7AF287488E1001DE3F7 /* RealmTutorialUITests.swift in Sources */,
			);
			runOnlyForDeploymentPostprocessing = 0;
		};
/* End PBXSourcesBuildPhase section */

/* Begin PBXTargetDependency section */
		A533D7A2287488E1001DE3F7 /* PBXTargetDependency */ = {
			isa = PBXTargetDependency;
			target = A533D789287488DF001DE3F7 /* RealmTutorial */;
			targetProxy = A533D7A1287488E1001DE3F7 /* PBXContainerItemProxy */;
		};
		A533D7AC287488E1001DE3F7 /* PBXTargetDependency */ = {
			isa = PBXTargetDependency;
			target = A533D789287488DF001DE3F7 /* RealmTutorial */;
			targetProxy = A533D7AB287488E1001DE3F7 /* PBXContainerItemProxy */;
		};
/* End PBXTargetDependency section */

/* Begin PBXVariantGroup section */
		A533D793287488DF001DE3F7 /* Main.storyboard */ = {
			isa = PBXVariantGroup;
			children = (
				A533D794287488DF001DE3F7 /* Base */,
			);
			name = Main.storyboard;
			sourceTree = "<group>";
		};
		A533D798287488E1001DE3F7 /* LaunchScreen.storyboard */ = {
			isa = PBXVariantGroup;
			children = (
				A533D799287488E1001DE3F7 /* Base */,
			);
			name = LaunchScreen.storyboard;
			sourceTree = "<group>";
		};
/* End PBXVariantGroup section */

/* Begin XCBuildConfiguration section */
		A533D7B2287488E1001DE3F7 /* Debug */ = {
			isa = XCBuildConfiguration;
			buildSettings = {
				ALWAYS_SEARCH_USER_PATHS = NO;
				CLANG_ANALYZER_NONNULL = YES;
				CLANG_ANALYZER_NUMBER_OBJECT_CONVERSION = YES_AGGRESSIVE;
				CLANG_CXX_LANGUAGE_STANDARD = "gnu++17";
				CLANG_ENABLE_MODULES = YES;
				CLANG_ENABLE_OBJC_ARC = YES;
				CLANG_ENABLE_OBJC_WEAK = YES;
				CLANG_WARN_BLOCK_CAPTURE_AUTORELEASING = YES;
				CLANG_WARN_BOOL_CONVERSION = YES;
				CLANG_WARN_COMMA = YES;
				CLANG_WARN_CONSTANT_CONVERSION = YES;
				CLANG_WARN_DEPRECATED_OBJC_IMPLEMENTATIONS = YES;
				CLANG_WARN_DIRECT_OBJC_ISA_USAGE = YES_ERROR;
				CLANG_WARN_DOCUMENTATION_COMMENTS = YES;
				CLANG_WARN_EMPTY_BODY = YES;
				CLANG_WARN_ENUM_CONVERSION = YES;
				CLANG_WARN_INFINITE_RECURSION = YES;
				CLANG_WARN_INT_CONVERSION = YES;
				CLANG_WARN_NON_LITERAL_NULL_CONVERSION = YES;
				CLANG_WARN_OBJC_IMPLICIT_RETAIN_SELF = YES;
				CLANG_WARN_OBJC_LITERAL_CONVERSION = YES;
				CLANG_WARN_OBJC_ROOT_CLASS = YES_ERROR;
				CLANG_WARN_QUOTED_INCLUDE_IN_FRAMEWORK_HEADER = YES;
				CLANG_WARN_RANGE_LOOP_ANALYSIS = YES;
				CLANG_WARN_STRICT_PROTOTYPES = YES;
				CLANG_WARN_SUSPICIOUS_MOVE = YES;
				CLANG_WARN_UNGUARDED_AVAILABILITY = YES_AGGRESSIVE;
				CLANG_WARN_UNREACHABLE_CODE = YES;
				CLANG_WARN__DUPLICATE_METHOD_MATCH = YES;
				COPY_PHASE_STRIP = NO;
				DEBUG_INFORMATION_FORMAT = dwarf;
				ENABLE_STRICT_OBJC_MSGSEND = YES;
				ENABLE_TESTABILITY = YES;
				GCC_C_LANGUAGE_STANDARD = gnu11;
				GCC_DYNAMIC_NO_PIC = NO;
				GCC_NO_COMMON_BLOCKS = YES;
				GCC_OPTIMIZATION_LEVEL = 0;
				GCC_PREPROCESSOR_DEFINITIONS = (
					"DEBUG=1",
					"$(inherited)",
				);
				GCC_WARN_64_TO_32_BIT_CONVERSION = YES;
				GCC_WARN_ABOUT_RETURN_TYPE = YES_ERROR;
				GCC_WARN_UNDECLARED_SELECTOR = YES;
				GCC_WARN_UNINITIALIZED_AUTOS = YES_AGGRESSIVE;
				GCC_WARN_UNUSED_FUNCTION = YES;
				GCC_WARN_UNUSED_VARIABLE = YES;
				IPHONEOS_DEPLOYMENT_TARGET = 15.4;
				MTL_ENABLE_DEBUG_INFO = INCLUDE_SOURCE;
				MTL_FAST_MATH = YES;
				ONLY_ACTIVE_ARCH = YES;
				SDKROOT = iphoneos;
				SWIFT_ACTIVE_COMPILATION_CONDITIONS = DEBUG;
				SWIFT_OPTIMIZATION_LEVEL = "-Onone";
			};
			name = Debug;
		};
		A533D7B3287488E1001DE3F7 /* Release */ = {
			isa = XCBuildConfiguration;
			buildSettings = {
				ALWAYS_SEARCH_USER_PATHS = NO;
				CLANG_ANALYZER_NONNULL = YES;
				CLANG_ANALYZER_NUMBER_OBJECT_CONVERSION = YES_AGGRESSIVE;
				CLANG_CXX_LANGUAGE_STANDARD = "gnu++17";
				CLANG_ENABLE_MODULES = YES;
				CLANG_ENABLE_OBJC_ARC = YES;
				CLANG_ENABLE_OBJC_WEAK = YES;
				CLANG_WARN_BLOCK_CAPTURE_AUTORELEASING = YES;
				CLANG_WARN_BOOL_CONVERSION = YES;
				CLANG_WARN_COMMA = YES;
				CLANG_WARN_CONSTANT_CONVERSION = YES;
				CLANG_WARN_DEPRECATED_OBJC_IMPLEMENTATIONS = YES;
				CLANG_WARN_DIRECT_OBJC_ISA_USAGE = YES_ERROR;
				CLANG_WARN_DOCUMENTATION_COMMENTS = YES;
				CLANG_WARN_EMPTY_BODY = YES;
				CLANG_WARN_ENUM_CONVERSION = YES;
				CLANG_WARN_INFINITE_RECURSION = YES;
				CLANG_WARN_INT_CONVERSION = YES;
				CLANG_WARN_NON_LITERAL_NULL_CONVERSION = YES;
				CLANG_WARN_OBJC_IMPLICIT_RETAIN_SELF = YES;
				CLANG_WARN_OBJC_LITERAL_CONVERSION = YES;
				CLANG_WARN_OBJC_ROOT_CLASS = YES_ERROR;
				CLANG_WARN_QUOTED_INCLUDE_IN_FRAMEWORK_HEADER = YES;
				CLANG_WARN_RANGE_LOOP_ANALYSIS = YES;
				CLANG_WARN_STRICT_PROTOTYPES = YES;
				CLANG_WARN_SUSPICIOUS_MOVE = YES;
				CLANG_WARN_UNGUARDED_AVAILABILITY = YES_AGGRESSIVE;
				CLANG_WARN_UNREACHABLE_CODE = YES;
				CLANG_WARN__DUPLICATE_METHOD_MATCH = YES;
				COPY_PHASE_STRIP = NO;
				DEBUG_INFORMATION_FORMAT = "dwarf-with-dsym";
				ENABLE_NS_ASSERTIONS = NO;
				ENABLE_STRICT_OBJC_MSGSEND = YES;
				GCC_C_LANGUAGE_STANDARD = gnu11;
				GCC_NO_COMMON_BLOCKS = YES;
				GCC_WARN_64_TO_32_BIT_CONVERSION = YES;
				GCC_WARN_ABOUT_RETURN_TYPE = YES_ERROR;
				GCC_WARN_UNDECLARED_SELECTOR = YES;
				GCC_WARN_UNINITIALIZED_AUTOS = YES_AGGRESSIVE;
				GCC_WARN_UNUSED_FUNCTION = YES;
				GCC_WARN_UNUSED_VARIABLE = YES;
				IPHONEOS_DEPLOYMENT_TARGET = 15.4;
				MTL_ENABLE_DEBUG_INFO = NO;
				MTL_FAST_MATH = YES;
				SDKROOT = iphoneos;
				SWIFT_COMPILATION_MODE = wholemodule;
				SWIFT_OPTIMIZATION_LEVEL = "-O";
				VALIDATE_PRODUCT = YES;
			};
			name = Release;
		};
		A533D7B5287488E1001DE3F7 /* Debug */ = {
			isa = XCBuildConfiguration;
			baseConfigurationReference = 203EEDC0A452DAA40EE58C40 /* Pods-RealmTutorial.debug.xcconfig */;
			buildSettings = {
				ASSETCATALOG_COMPILER_APPICON_NAME = AppIcon;
				ASSETCATALOG_COMPILER_GLOBAL_ACCENT_COLOR_NAME = AccentColor;
				CODE_SIGN_STYLE = Automatic;
				CURRENT_PROJECT_VERSION = 1;
				DEVELOPMENT_TEAM = 7555R8ZYJ2;
				GENERATE_INFOPLIST_FILE = YES;
				INFOPLIST_FILE = RealmTutorial/Info.plist;
				INFOPLIST_KEY_UIApplicationSupportsIndirectInputEvents = YES;
				INFOPLIST_KEY_UILaunchStoryboardName = LaunchScreen;
				INFOPLIST_KEY_UIMainStoryboardFile = Main;
				INFOPLIST_KEY_UISupportedInterfaceOrientations_iPad = "UIInterfaceOrientationPortrait UIInterfaceOrientationPortraitUpsideDown UIInterfaceOrientationLandscapeLeft UIInterfaceOrientationLandscapeRight";
				INFOPLIST_KEY_UISupportedInterfaceOrientations_iPhone = "UIInterfaceOrientationPortrait UIInterfaceOrientationLandscapeLeft UIInterfaceOrientationLandscapeRight";
				IPHONEOS_DEPLOYMENT_TARGET = 13.0;
				LD_RUNPATH_SEARCH_PATHS = (
					"$(inherited)",
					"@executable_path/Frameworks",
				);
				MARKETING_VERSION = 1.0;
				PRODUCT_BUNDLE_IDENTIFIER = dev.lucasheo.RealmTutorial;
				PRODUCT_NAME = "$(TARGET_NAME)";
				SWIFT_EMIT_LOC_STRINGS = YES;
				SWIFT_VERSION = 5.0;
				TARGETED_DEVICE_FAMILY = "1,2";
			};
			name = Debug;
		};
		A533D7B6287488E1001DE3F7 /* Release */ = {
			isa = XCBuildConfiguration;
			baseConfigurationReference = 2F7C2882D8D99CA9D5D8FCD2 /* Pods-RealmTutorial.release.xcconfig */;
			buildSettings = {
				ASSETCATALOG_COMPILER_APPICON_NAME = AppIcon;
				ASSETCATALOG_COMPILER_GLOBAL_ACCENT_COLOR_NAME = AccentColor;
				CODE_SIGN_STYLE = Automatic;
				CURRENT_PROJECT_VERSION = 1;
				DEVELOPMENT_TEAM = 7555R8ZYJ2;
				GENERATE_INFOPLIST_FILE = YES;
				INFOPLIST_FILE = RealmTutorial/Info.plist;
				INFOPLIST_KEY_UIApplicationSupportsIndirectInputEvents = YES;
				INFOPLIST_KEY_UILaunchStoryboardName = LaunchScreen;
				INFOPLIST_KEY_UIMainStoryboardFile = Main;
				INFOPLIST_KEY_UISupportedInterfaceOrientations_iPad = "UIInterfaceOrientationPortrait UIInterfaceOrientationPortraitUpsideDown UIInterfaceOrientationLandscapeLeft UIInterfaceOrientationLandscapeRight";
				INFOPLIST_KEY_UISupportedInterfaceOrientations_iPhone = "UIInterfaceOrientationPortrait UIInterfaceOrientationLandscapeLeft UIInterfaceOrientationLandscapeRight";
				IPHONEOS_DEPLOYMENT_TARGET = 13.0;
				LD_RUNPATH_SEARCH_PATHS = (
					"$(inherited)",
					"@executable_path/Frameworks",
				);
				MARKETING_VERSION = 1.0;
				PRODUCT_BUNDLE_IDENTIFIER = dev.lucasheo.RealmTutorial;
				PRODUCT_NAME = "$(TARGET_NAME)";
				SWIFT_EMIT_LOC_STRINGS = YES;
				SWIFT_VERSION = 5.0;
				TARGETED_DEVICE_FAMILY = "1,2";
			};
			name = Release;
		};
		A533D7B8287488E1001DE3F7 /* Debug */ = {
			isa = XCBuildConfiguration;
			baseConfigurationReference = 592EC1B3165EC53E13661E8F /* Pods-RealmTutorialTests.debug.xcconfig */;
			buildSettings = {
				ALWAYS_EMBED_SWIFT_STANDARD_LIBRARIES = YES;
				BUNDLE_LOADER = "$(TEST_HOST)";
				CODE_SIGN_STYLE = Automatic;
				CURRENT_PROJECT_VERSION = 1;
				DEVELOPMENT_TEAM = 7555R8ZYJ2;
				GENERATE_INFOPLIST_FILE = YES;
				IPHONEOS_DEPLOYMENT_TARGET = 15.4;
				MARKETING_VERSION = 1.0;
				PRODUCT_BUNDLE_IDENTIFIER = dev.lucasheo.RealmTutorialTests;
				PRODUCT_NAME = "$(TARGET_NAME)";
				SWIFT_EMIT_LOC_STRINGS = NO;
				SWIFT_VERSION = 5.0;
				TARGETED_DEVICE_FAMILY = "1,2";
				TEST_HOST = "$(BUILT_PRODUCTS_DIR)/RealmTutorial.app/RealmTutorial";
			};
			name = Debug;
		};
		A533D7B9287488E1001DE3F7 /* Release */ = {
			isa = XCBuildConfiguration;
			baseConfigurationReference = A273421DA07E47F71C36483A /* Pods-RealmTutorialTests.release.xcconfig */;
			buildSettings = {
				ALWAYS_EMBED_SWIFT_STANDARD_LIBRARIES = YES;
				BUNDLE_LOADER = "$(TEST_HOST)";
				CODE_SIGN_STYLE = Automatic;
				CURRENT_PROJECT_VERSION = 1;
				DEVELOPMENT_TEAM = 7555R8ZYJ2;
				GENERATE_INFOPLIST_FILE = YES;
				IPHONEOS_DEPLOYMENT_TARGET = 15.4;
				MARKETING_VERSION = 1.0;
				PRODUCT_BUNDLE_IDENTIFIER = dev.lucasheo.RealmTutorialTests;
				PRODUCT_NAME = "$(TARGET_NAME)";
				SWIFT_EMIT_LOC_STRINGS = NO;
				SWIFT_VERSION = 5.0;
				TARGETED_DEVICE_FAMILY = "1,2";
				TEST_HOST = "$(BUILT_PRODUCTS_DIR)/RealmTutorial.app/RealmTutorial";
			};
			name = Release;
		};
		A533D7BB287488E1001DE3F7 /* Debug */ = {
			isa = XCBuildConfiguration;
			baseConfigurationReference = D7560E6F2921B03412ABE450 /* Pods-RealmTutorial-RealmTutorialUITests.debug.xcconfig */;
			buildSettings = {
				ALWAYS_EMBED_SWIFT_STANDARD_LIBRARIES = YES;
				CODE_SIGN_STYLE = Automatic;
				CURRENT_PROJECT_VERSION = 1;
				DEVELOPMENT_TEAM = 7555R8ZYJ2;
				GENERATE_INFOPLIST_FILE = YES;
				MARKETING_VERSION = 1.0;
				PRODUCT_BUNDLE_IDENTIFIER = dev.lucasheo.RealmTutorialUITests;
				PRODUCT_NAME = "$(TARGET_NAME)";
				SWIFT_EMIT_LOC_STRINGS = NO;
				SWIFT_VERSION = 5.0;
				TARGETED_DEVICE_FAMILY = "1,2";
				TEST_TARGET_NAME = RealmTutorial;
			};
			name = Debug;
		};
		A533D7BC287488E1001DE3F7 /* Release */ = {
			isa = XCBuildConfiguration;
			baseConfigurationReference = 10BFDE987E9ACC0B98030C2A /* Pods-RealmTutorial-RealmTutorialUITests.release.xcconfig */;
			buildSettings = {
				ALWAYS_EMBED_SWIFT_STANDARD_LIBRARIES = YES;
				CODE_SIGN_STYLE = Automatic;
				CURRENT_PROJECT_VERSION = 1;
				DEVELOPMENT_TEAM = 7555R8ZYJ2;
				GENERATE_INFOPLIST_FILE = YES;
				MARKETING_VERSION = 1.0;
				PRODUCT_BUNDLE_IDENTIFIER = dev.lucasheo.RealmTutorialUITests;
				PRODUCT_NAME = "$(TARGET_NAME)";
				SWIFT_EMIT_LOC_STRINGS = NO;
				SWIFT_VERSION = 5.0;
				TARGETED_DEVICE_FAMILY = "1,2";
				TEST_TARGET_NAME = RealmTutorial;
			};
			name = Release;
		};
/* End XCBuildConfiguration section */

/* Begin XCConfigurationList section */
		A533D785287488DF001DE3F7 /* Build configuration list for PBXProject "RealmTutorial" */ = {
			isa = XCConfigurationList;
			buildConfigurations = (
				A533D7B2287488E1001DE3F7 /* Debug */,
				A533D7B3287488E1001DE3F7 /* Release */,
			);
			defaultConfigurationIsVisible = 0;
			defaultConfigurationName = Release;
		};
		A533D7B4287488E1001DE3F7 /* Build configuration list for PBXNativeTarget "RealmTutorial" */ = {
			isa = XCConfigurationList;
			buildConfigurations = (
				A533D7B5287488E1001DE3F7 /* Debug */,
				A533D7B6287488E1001DE3F7 /* Release */,
			);
			defaultConfigurationIsVisible = 0;
			defaultConfigurationName = Release;
		};
		A533D7B7287488E1001DE3F7 /* Build configuration list for PBXNativeTarget "RealmTutorialTests" */ = {
			isa = XCConfigurationList;
			buildConfigurations = (
				A533D7B8287488E1001DE3F7 /* Debug */,
				A533D7B9287488E1001DE3F7 /* Release */,
			);
			defaultConfigurationIsVisible = 0;
			defaultConfigurationName = Release;
		};
		A533D7BA287488E1001DE3F7 /* Build configuration list for PBXNativeTarget "RealmTutorialUITests" */ = {
			isa = XCConfigurationList;
			buildConfigurations = (
				A533D7BB287488E1001DE3F7 /* Debug */,
				A533D7BC287488E1001DE3F7 /* Release */,
			);
			defaultConfigurationIsVisible = 0;
			defaultConfigurationName = Release;
		};
/* End XCConfigurationList section */
	};
	rootObject = A533D782287488DF001DE3F7 /* Project object */;
}
